# Exact dependency set tested on Raspberry Pi OS, Python 3.13, ARM64.
aiofiles==23.2.1
aiohappyeyeballs==2.7.1
aiohttp==3.14.3
aiohttp_retry==2.9.1
aiosignal==1.4.0
annotated-types==0.8.0
anyio==4.15.1
attrs==26.1.0
audioop-lts==0.2.2; python_version >= "3.13"
dataclass-factory==2.16
frozenlist==1.8.0
idna==3.20
multidict==6.9.1
numpy==2.5.3
propcache==0.5.4
pydantic==2.13.5
pydantic_core==2.46.5
pydub==0.25.1
shazamio==0.8.1
shazamio_core==1.1.2
typing-inspection==0.4.4
typing_extensions==4.16.0
yarl==1.25.1
